
Microsoft Visual Studio Solution File, Format Version 12.00
# Visual Studio Version 17
VisualStudioVersion = 17.10.34928.147
MinimumVisualStudioVersion = 10.0.40219.1
Project("{9A19103F-16F7-4668-BE54-9A1E7A4F7556}") = "WEBUI", "WEBUI\WEBUI.csproj", "{FB61AE81-F143-4ADE-9286-18B9C4F066E4}"
EndProject
Project("{9A19103F-16F7-4668-BE54-9A1E7A4F7556}") = "EntityLayer", "EntityLayer\EntityLayer.csproj", "{AE26499E-844B-4C0D-9B5E-7D551D93B323}"
EndProject
Project("{9A19103F-16F7-4668-BE54-9A1E7A4F7556}") = "BussinessLayer", "BussinessLayer\BussinessLayer.csproj", "{446B4587-215D-4AF6-BE2B-117F6C5E51F1}"
EndProject
Project("{9A19103F-16F7-4668-BE54-9A1E7A4F7556}") = "DTO", "DTO\DTO.csproj", "{CDBA67D9-AB43-4F3F-A175-08F588C53398}"
EndProject
Project("{9A19103F-16F7-4668-BE54-9A1E7A4F7556}") = "DataAcess", "DAL\DataAcess.csproj", "{73D0CD7C-57DD-4EA8-9980-88EAC4464E98}"
EndProject
Project("{2150E333-8FDC-42A3-9474-1A3956D46DE8}") = "GFS.Domain", "GFS.Domain", "{4428ADDE-333F-40FD-8241-1755A9D21161}"
EndProject
Project("{2150E333-8FDC-42A3-9474-1A3956D46DE8}") = "GFS.Infrastucrture", "GFS.Infrastucrture", "{22F7E13D-3BFE-47B0-82CC-E66699FF6DDF}"
EndProject
Project("{2150E333-8FDC-42A3-9474-1A3956D46DE8}") = "GFS.Service", "GFS.Service", "{8F3373B5-3F16-4146-9A8E-20F7D99A6445}"
EndProject
Project("{2150E333-8FDC-42A3-9474-1A3956D46DE8}") = "GFS.Presentation", "GFS.Presentation", "{2EC3F591-CA3A-4D48-A039-D26603F59573}"
EndProject
Project("{FAE04EC0-301F-11D3-BF4B-00C04F79EFBC}") = "WEBAPI", "WEBAPI\WEBAPI.csproj", "{D81CFB4D-E5FB-4090-8A87-AAE2F7D7A4B6}"
EndProject
Global
	GlobalSection(SolutionConfigurationPlatforms) = preSolution
		Debug|Any CPU = Debug|Any CPU
		Release|Any CPU = Release|Any CPU
	EndGlobalSection
	GlobalSection(ProjectConfigurationPlatforms) = postSolution
		{FB61AE81-F143-4ADE-9286-18B9C4F066E4}.Debug|Any CPU.ActiveCfg = Debug|Any CPU
		{FB61AE81-F143-4ADE-9286-18B9C4F066E4}.Debug|Any CPU.Build.0 = Debug|Any CPU
		{FB61AE81-F143-4ADE-9286-18B9C4F066E4}.Release|Any CPU.ActiveCfg = Release|Any CPU
		{FB61AE81-F143-4ADE-9286-18B9C4F066E4}.Release|Any CPU.Build.0 = Release|Any CPU
		{AE26499E-844B-4C0D-9B5E-7D551D93B323}.Debug|Any CPU.ActiveCfg = Debug|Any CPU
		{AE26499E-844B-4C0D-9B5E-7D551D93B323}.Debug|Any CPU.Build.0 = Debug|Any CPU
		{AE26499E-844B-4C0D-9B5E-7D551D93B323}.Release|Any CPU.ActiveCfg = Release|Any CPU
		{AE26499E-844B-4C0D-9B5E-7D551D93B323}.Release|Any CPU.Build.0 = Release|Any CPU
		{446B4587-215D-4AF6-BE2B-117F6C5E51F1}.Debug|Any CPU.ActiveCfg = Debug|Any CPU
		{446B4587-215D-4AF6-BE2B-117F6C5E51F1}.Debug|Any CPU.Build.0 = Debug|Any CPU
		{446B4587-215D-4AF6-BE2B-117F6C5E51F1}.Release|Any CPU.ActiveCfg = Release|Any CPU
		{446B4587-215D-4AF6-BE2B-117F6C5E51F1}.Release|Any CPU.Build.0 = Release|Any CPU
		{CDBA67D9-AB43-4F3F-A175-08F588C53398}.Debug|Any CPU.ActiveCfg = Debug|Any CPU
		{CDBA67D9-AB43-4F3F-A175-08F588C53398}.Debug|Any CPU.Build.0 = Debug|Any CPU
		{CDBA67D9-AB43-4F3F-A175-08F588C53398}.Release|Any CPU.ActiveCfg = Release|Any CPU
		{CDBA67D9-AB43-4F3F-A175-08F588C53398}.Release|Any CPU.Build.0 = Release|Any CPU
		{73D0CD7C-57DD-4EA8-9980-88EAC4464E98}.Debug|Any CPU.ActiveCfg = Debug|Any CPU
		{73D0CD7C-57DD-4EA8-9980-88EAC4464E98}.Debug|Any CPU.Build.0 = Debug|Any CPU
		{73D0CD7C-57DD-4EA8-9980-88EAC4464E98}.Release|Any CPU.ActiveCfg = Release|Any CPU
		{73D0CD7C-57DD-4EA8-9980-88EAC4464E98}.Release|Any CPU.Build.0 = Release|Any CPU
		{D81CFB4D-E5FB-4090-8A87-AAE2F7D7A4B6}.Debug|Any CPU.ActiveCfg = Debug|Any CPU
		{D81CFB4D-E5FB-4090-8A87-AAE2F7D7A4B6}.Debug|Any CPU.Build.0 = Debug|Any CPU
		{D81CFB4D-E5FB-4090-8A87-AAE2F7D7A4B6}.Release|Any CPU.ActiveCfg = Release|Any CPU
		{D81CFB4D-E5FB-4090-8A87-AAE2F7D7A4B6}.Release|Any CPU.Build.0 = Release|Any CPU
	EndGlobalSection
	GlobalSection(SolutionProperties) = preSolution
		HideSolutionNode = FALSE
	EndGlobalSection
	GlobalSection(NestedProjects) = preSolution
		{FB61AE81-F143-4ADE-9286-18B9C4F066E4} = {2EC3F591-CA3A-4D48-A039-D26603F59573}
		{AE26499E-844B-4C0D-9B5E-7D551D93B323} = {4428ADDE-333F-40FD-8241-1755A9D21161}
		{446B4587-215D-4AF6-BE2B-117F6C5E51F1} = {8F3373B5-3F16-4146-9A8E-20F7D99A6445}
		{CDBA67D9-AB43-4F3F-A175-08F588C53398} = {4428ADDE-333F-40FD-8241-1755A9D21161}
		{73D0CD7C-57DD-4EA8-9980-88EAC4464E98} = {22F7E13D-3BFE-47B0-82CC-E66699FF6DDF}
		{D81CFB4D-E5FB-4090-8A87-AAE2F7D7A4B6} = {2EC3F591-CA3A-4D48-A039-D26603F59573}
	EndGlobalSection
	GlobalSection(ExtensibilityGlobals) = postSolution
		SolutionGuid = {4D5E4500-3016-4B2D-8798-8A3E19C844DB}
	EndGlobalSection
EndGlobal
